
Microsoft Visual Studio Solution File, Format Version 12.00
# Visual Studio 15
VisualStudioVersion = 15.0.27130.2036
MinimumVisualStudioVersion = 10.0.40219.1
Project("{9A19103F-16F7-4668-BE54-9A1E7A4F7556}") = "CQRSExample.Core", "src\CQRSExample.Core\CQRSExample.Core.csproj", "{F6FD39D2-D76D-4C9B-A7A8-1C559D369FAD}"
EndProject
Project("{9A19103F-16F7-4668-BE54-9A1E7A4F7556}") = "CQRSExample.Infrastructure", "src\CQRSExample.Infrastructure\CQRSExample.Infrastructure.csproj", "{B2F1AA7F-AD1F-48FC-A6F7-B46391C4EA56}"
EndProject
Project("{9A19103F-16F7-4668-BE54-9A1E7A4F7556}") = "CQRSExample.SPA", "src\CQRSExample.SPA\CQRSExample.SPA.csproj", "{DB1C8C9E-87B3-488D-8BE5-8EEB71185AE2}"
EndProject
Project("{2150E333-8FDC-42A3-9474-1A3956D46DE8}") = "test", "test", "{CC86A931-2D03-4AF4-804D-73D9D24E87E9}"
EndProject
Project("{9A19103F-16F7-4668-BE54-9A1E7A4F7556}") = "IntegrationTests", "test\IntegrationTests\IntegrationTests.csproj", "{6959E32D-A68B-419C-876E-A603B491563F}"
EndProject
Project("{9A19103F-16F7-4668-BE54-9A1E7A4F7556}") = "UnitTests", "test\UnitTests\UnitTests.csproj", "{78FB27D9-82C9-4D2B-9A89-30D424B8F266}"
EndProject
Project("{9A19103F-16F7-4668-BE54-9A1E7A4F7556}") = "TestUtilities", "test\TestUtilities\TestUtilities.csproj", "{569B300F-BB87-4943-835F-89E05FAACBD2}"
EndProject
Project("{9A19103F-16F7-4668-BE54-9A1E7A4F7556}") = "CQRSExample.API", "src\CQRSExample.API\CQRSExample.API.csproj", "{C024F77B-83C4-4BFB-B719-1D4FD75330D1}"
EndProject
Global
	GlobalSection(SolutionConfigurationPlatforms) = preSolution
		Debug|Any CPU = Debug|Any CPU
		Release|Any CPU = Release|Any CPU
	EndGlobalSection
	GlobalSection(ProjectConfigurationPlatforms) = postSolution
		{F6FD39D2-D76D-4C9B-A7A8-1C559D369FAD}.Debug|Any CPU.ActiveCfg = Debug|Any CPU
		{F6FD39D2-D76D-4C9B-A7A8-1C559D369FAD}.Debug|Any CPU.Build.0 = Debug|Any CPU
		{F6FD39D2-D76D-4C9B-A7A8-1C559D369FAD}.Release|Any CPU.ActiveCfg = Release|Any CPU
		{F6FD39D2-D76D-4C9B-A7A8-1C559D369FAD}.Release|Any CPU.Build.0 = Release|Any CPU
		{B2F1AA7F-AD1F-48FC-A6F7-B46391C4EA56}.Debug|Any CPU.ActiveCfg = Debug|Any CPU
		{B2F1AA7F-AD1F-48FC-A6F7-B46391C4EA56}.Debug|Any CPU.Build.0 = Debug|Any CPU
		{B2F1AA7F-AD1F-48FC-A6F7-B46391C4EA56}.Release|Any CPU.ActiveCfg = Release|Any CPU
		{B2F1AA7F-AD1F-48FC-A6F7-B46391C4EA56}.Release|Any CPU.Build.0 = Release|Any CPU
		{DB1C8C9E-87B3-488D-8BE5-8EEB71185AE2}.Debug|Any CPU.ActiveCfg = Debug|Any CPU
		{DB1C8C9E-87B3-488D-8BE5-8EEB71185AE2}.Debug|Any CPU.Build.0 = Debug|Any CPU
		{DB1C8C9E-87B3-488D-8BE5-8EEB71185AE2}.Release|Any CPU.ActiveCfg = Release|Any CPU
		{DB1C8C9E-87B3-488D-8BE5-8EEB71185AE2}.Release|Any CPU.Build.0 = Release|Any CPU
		{6959E32D-A68B-419C-876E-A603B491563F}.Debug|Any CPU.ActiveCfg = Debug|Any CPU
		{6959E32D-A68B-419C-876E-A603B491563F}.Debug|Any CPU.Build.0 = Debug|Any CPU
		{6959E32D-A68B-419C-876E-A603B491563F}.Release|Any CPU.ActiveCfg = Release|Any CPU
		{6959E32D-A68B-419C-876E-A603B491563F}.Release|Any CPU.Build.0 = Release|Any CPU
		{78FB27D9-82C9-4D2B-9A89-30D424B8F266}.Debug|Any CPU.ActiveCfg = Debug|Any CPU
		{78FB27D9-82C9-4D2B-9A89-30D424B8F266}.Debug|Any CPU.Build.0 = Debug|Any CPU
		{78FB27D9-82C9-4D2B-9A89-30D424B8F266}.Release|Any CPU.ActiveCfg = Release|Any CPU
		{78FB27D9-82C9-4D2B-9A89-30D424B8F266}.Release|Any CPU.Build.0 = Release|Any CPU
		{569B300F-BB87-4943-835F-89E05FAACBD2}.Debug|Any CPU.ActiveCfg = Debug|Any CPU
		{569B300F-BB87-4943-835F-89E05FAACBD2}.Debug|Any CPU.Build.0 = Debug|Any CPU
		{569B300F-BB87-4943-835F-89E05FAACBD2}.Release|Any CPU.ActiveCfg = Release|Any CPU
		{569B300F-BB87-4943-835F-89E05FAACBD2}.Release|Any CPU.Build.0 = Release|Any CPU
		{C024F77B-83C4-4BFB-B719-1D4FD75330D1}.Debug|Any CPU.ActiveCfg = Debug|Any CPU
		{C024F77B-83C4-4BFB-B719-1D4FD75330D1}.Debug|Any CPU.Build.0 = Debug|Any CPU
		{C024F77B-83C4-4BFB-B719-1D4FD75330D1}.Release|Any CPU.ActiveCfg = Release|Any CPU
		{C024F77B-83C4-4BFB-B719-1D4FD75330D1}.Release|Any CPU.Build.0 = Release|Any CPU
	EndGlobalSection
	GlobalSection(SolutionProperties) = preSolution
		HideSolutionNode = FALSE
	EndGlobalSection
	GlobalSection(NestedProjects) = preSolution
		{6959E32D-A68B-419C-876E-A603B491563F} = {CC86A931-2D03-4AF4-804D-73D9D24E87E9}
		{78FB27D9-82C9-4D2B-9A89-30D424B8F266} = {CC86A931-2D03-4AF4-804D-73D9D24E87E9}
		{569B300F-BB87-4943-835F-89E05FAACBD2} = {CC86A931-2D03-4AF4-804D-73D9D24E87E9}
	EndGlobalSection
	GlobalSection(ExtensibilityGlobals) = postSolution
		SolutionGuid = {CAE164F5-F4CD-49FE-833A-3D726CF98A08}
	EndGlobalSection
EndGlobal
